
Microsoft Visual Studio Solution File, Format Version 12.00
# Visual Studio Version 17
VisualStudioVersion = 17.5.33516.290
MinimumVisualStudioVersion = 10.0.40219.1
Project("{FAE04EC0-301F-11D3-BF4B-00C04F79EFBC}") = "QRGenerator", "QRGenerator.csproj", "{FEE3B77D-9E48-451D-A69C-6D3B6D1163AD}"
EndProject
Global
	GlobalSection(SolutionConfigurationPlatforms) = preSolution
		Debug|Any CPU = Debug|Any CPU
		Release|Any CPU = Release|Any CPU
	EndGlobalSection
	GlobalSection(ProjectConfigurationPlatforms) = postSolution
		{FEE3B77D-9E48-451D-A69C-6D3B6D1163AD}.Debug|Any CPU.ActiveCfg = Debug|Any CPU
		{FEE3B77D-9E48-451D-A69C-6D3B6D1163AD}.Debug|Any CPU.Build.0 = Debug|Any CPU
		{FEE3B77D-9E48-451D-A69C-6D3B6D1163AD}.Release|Any CPU.ActiveCfg = Release|Any CPU
		{FEE3B77D-9E48-451D-A69C-6D3B6D1163AD}.Release|Any CPU.Build.0 = Release|Any CPU
	EndGlobalSection
	GlobalSection(SolutionProperties) = preSolution
		HideSolutionNode = FALSE
	EndGlobalSection
	GlobalSection(ExtensibilityGlobals) = postSolution
		SolutionGuid = {3CC468AF-EDF1-451E-A1B6-A3C90DE3FF8B}
	EndGlobalSection
EndGlobal
